
Microsoft Visual Studio Solution File, Format Version 12.00
# Visual Studio 2013
VisualStudioVersion = 12.0.30501.0
MinimumVisualStudioVersion = 10.0.40219.1
Project("{FAE04EC0-301F-11D3-BF4B-00C04F79EFBC}") = "WixSharp", "WixSharp\WixSharp.csproj", "{8860B29B-749F-4925-86C8-F9C4B93C9DA5}"
EndProject
Project("{FAE04EC0-301F-11D3-BF4B-00C04F79EFBC}") = "AllInOne", "WixSharp.Samples\VSProjects\AllInOne.csproj", "{DF43378F-5F96-4C22-B1B6-1A64E645D72C}"
EndProject
Project("{FAE04EC0-301F-11D3-BF4B-00C04F79EFBC}") = "BuildingWithoutVS", "WixSharp.Samples\VSProjects\BuildingWithoutVS.csproj", "{0F43378F-5F96-4C22-B1B6-1A64E645D72C}"
EndProject
Project("{FAE04EC0-301F-11D3-BF4B-00C04F79EFBC}") = "BuildingWithVS", "WixSharp.Samples\VSProjects\BuildingWithVS.csproj", "{FE70A21D-0289-4CF9-BFD5-DBF15A561690}"
EndProject
Project("{FAE04EC0-301F-11D3-BF4B-00C04F79EFBC}") = "CodingStyles_Initializers", "WixSharp.Samples\VSProjects\CodingStyles_Initializers.csproj", "{5DD46DE9-D40C-43F7-973B-C8F3BBFD0603}"
EndProject
Project("{FAE04EC0-301F-11D3-BF4B-00C04F79EFBC}") = "CodingStyles_Traditional", "WixSharp.Samples\VSProjects\CodingStyles_Traditional.csproj", "{CE7A8B8F-6C6E-4B1D-9869-44FC2B750FA1}"
EndProject
Project("{FAE04EC0-301F-11D3-BF4B-00C04F79EFBC}") = "CodingStyles_XDocumant", "WixSharp.Samples\VSProjects\CodingStyles_XDocumant.csproj", "{5334F852-7F7D-4210-A0E4-159BBD00669E}"
EndProject
Project("{FAE04EC0-301F-11D3-BF4B-00C04F79EFBC}") = "Conditional Installation", "WixSharp.Samples\VSProjects\Conditional Installation.csproj", "{A68C886D-D99A-4922-8552-0A5B304DF0F5}"
EndProject
Project("{FAE04EC0-301F-11D3-BF4B-00C04F79EFBC}") = "CustomActions", "WixSharp.Samples\VSProjects\CustomActions.csproj", "{AF69558D-1E34-4E7F-9B4C-D08497DDC191}"
EndProject
Project("{FAE04EC0-301F-11D3-BF4B-00C04F79EFBC}") = "DTF (ManagedCA)", "WixSharp.Samples\VSProjects\DTF (ManagedCA).csproj", "{D02DEAC6-DC4B-43F8-BFDE-A29EFB4446B9}"
EndProject
Project("{FAE04EC0-301F-11D3-BF4B-00C04F79EFBC}") = "DTF_Debugging", "WixSharp.Samples\VSProjects\DTF_Debugging.csproj", "{199BDD7F-7F8F-440F-AB5F-EBBB29BCE972}"
EndProject
Project("{FAE04EC0-301F-11D3-BF4B-00C04F79EFBC}") = "DTF_Embedded", "WixSharp.Samples\VSProjects\DTF_Embedded.csproj", "{7F4BA497-018D-4FBB-B5DE-4AA896397382}"
EndProject
Project("{FAE04EC0-301F-11D3-BF4B-00C04F79EFBC}") = "DTF_External C# file", "WixSharp.Samples\VSProjects\DTF_External C# file.csproj", "{4A549488-FFE7-4E18-B2F4-837CE0E09CE4}"
EndProject
Project("{FAE04EC0-301F-11D3-BF4B-00C04F79EFBC}") = "DTF_ExternalAssembly", "WixSharp.Samples\VSProjects\DTF_ExternalAssembly.csproj", "{43A08B21-4E0A-4AB5-9DC0-AD6C5E3EFC25}"
EndProject
Project("{FAE04EC0-301F-11D3-BF4B-00C04F79EFBC}") = "Empty Directories", "WixSharp.Samples\VSProjects\Empty Directories.csproj", "{8E822D99-D1B5-45F0-BFBC-7A8067194B07}"
EndProject
Project("{FAE04EC0-301F-11D3-BF4B-00C04F79EFBC}") = "Explicit IDs", "WixSharp.Samples\VSProjects\Explicit IDs.csproj", "{AA7C07A9-C3FF-48D8-8A08-21AADA24D97E}"
EndProject
Project("{FAE04EC0-301F-11D3-BF4B-00C04F79EFBC}") = "GAC", "WixSharp.Samples\VSProjects\GAC.csproj", "{A52CEA2F-E484-4993-B48E-C8ED104D6E1B}"
EndProject
Project("{FAE04EC0-301F-11D3-BF4B-00C04F79EFBC}") = "Install Files", "WixSharp.Samples\VSProjects\Install Files.csproj", "{6EF89B33-A766-457E-8229-C87CCEC145A6}"
EndProject
Project("{FAE04EC0-301F-11D3-BF4B-00C04F79EFBC}") = "InstallDir", "WixSharp.Samples\VSProjects\InstallDir.csproj", "{D0F81A0B-4FC5-4191-8CC7-00F225F82B1A}"
EndProject
Project("{FAE04EC0-301F-11D3-BF4B-00C04F79EFBC}") = "Properties", "WixSharp.Samples\VSProjects\Properties.csproj", "{9F74117F-ECF7-4B78-BCEE-978E99B3CFD0}"
EndProject
Project("{FAE04EC0-301F-11D3-BF4B-00C04F79EFBC}") = "QtExecCustomAction", "WixSharp.Samples\VSProjects\QtExecCustomAction.csproj", "{0F17E012-4F48-4B74-82DB-EAB6E90B232E}"
EndProject
Project("{FAE04EC0-301F-11D3-BF4B-00C04F79EFBC}") = "Reboot", "WixSharp.Samples\VSProjects\Reboot.csproj", "{EB60C820-5A98-427A-93E1-E7C81D2F8B95}"
EndProject
Project("{FAE04EC0-301F-11D3-BF4B-00C04F79EFBC}") = "Registry", "WixSharp.Samples\VSProjects\Registry.csproj", "{025077E9-6215-4A65-AF86-FF7C43FD9A0E}"
EndProject
Project("{FAE04EC0-301F-11D3-BF4B-00C04F79EFBC}") = "RunAppAtTheEnd", "WixSharp.Samples\VSProjects\RunAppAtTheEnd.csproj", "{268E1A6A-C39C-4340-BAE3-71532D926E9A}"
EndProject
Project("{FAE04EC0-301F-11D3-BF4B-00C04F79EFBC}") = "SetProperties", "WixSharp.Samples\VSProjects\SetProperties.csproj", "{38A65FF4-14AC-4550-9026-007695E5334B}"
EndProject
Project("{FAE04EC0-301F-11D3-BF4B-00C04F79EFBC}") = "Shortcuts", "WixSharp.Samples\VSProjects\Shortcuts.csproj", "{BC7FB1A2-43A2-4011-B41A-8655D5B81CD3}"
EndProject
Project("{FAE04EC0-301F-11D3-BF4B-00C04F79EFBC}") = "Shortcuts-2", "WixSharp.Samples\VSProjects\Shortcuts-2.csproj", "{186BFEC8-2CDE-49E7-93B1-C297622A931A}"
EndProject
Project("{FAE04EC0-301F-11D3-BF4B-00C04F79EFBC}") = "Silent Mode", "WixSharp.Samples\VSProjects\Silent Mode.csproj", "{23CFCE11-4C8F-4A2D-BB5C-4EC08BF231AE}"
EndProject
Project("{FAE04EC0-301F-11D3-BF4B-00C04F79EFBC}") = "Simplified Bootstrapper", "WixSharp.Samples\VSProjects\Simplified Bootstrapper.csproj", "{06DB0C6D-EF09-4F33-BA73-C2DE7F1875C2}"
EndProject
Project("{FAE04EC0-301F-11D3-BF4B-00C04F79EFBC}") = "UI", "WixSharp.Samples\VSProjects\UI.csproj", "{30052EB8-5B6E-41ED-B621-19D34C413BAB}"
EndProject
Project("{FAE04EC0-301F-11D3-BF4B-00C04F79EFBC}") = "WildCard Files", "WixSharp.Samples\VSProjects\WildCard Files.csproj", "{72E3FB9E-DE45-4631-A2DF-CB91E49B3E0D}"
EndProject
Project("{FAE04EC0-301F-11D3-BF4B-00C04F79EFBC}") = "Simplified Bootstrapper - CRT", "WixSharp.Samples\VSProjects\Simplified Bootstrapper - CRT.csproj", "{3E1EF5A8-7CD6-45BC-91B1-46B7A2FA213C}"
EndProject
Project("{FAE04EC0-301F-11D3-BF4B-00C04F79EFBC}") = "ReleaseFolder", "WixSharp.Samples\VSProjects\ReleaseFolder.csproj", "{F3E3226B-1032-489C-BCFE-FB89D775EEB7}"
EndProject
Project("{FAE04EC0-301F-11D3-BF4B-00C04F79EFBC}") = "RegistrySearch", "WixSharp.Samples\VSProjects\RegistrySearch.csproj", "{ABD9C135-D4FD-4452-85CC-251B7D0392C1}"
EndProject
Project("{FAE04EC0-301F-11D3-BF4B-00C04F79EFBC}") = "LaunchConditions", "WixSharp.Samples\VSProjects\LaunchConditions.csproj", "{577CB2C6-0ED2-4298-9A3B-25BD8C6380C0}"
EndProject
Project("{FAE04EC0-301F-11D3-BF4B-00C04F79EFBC}") = "CustomAttributes", "WixSharp.Samples\VSProjects\CustomAttributes.csproj", "{883F187B-449D-4E6C-B2C4-B89E6AF5DB9F}"
EndProject
Project("{FAE04EC0-301F-11D3-BF4B-00C04F79EFBC}") = "SourceBaseDir", "WixSharp.Samples\VSProjects\SourceBaseDir.csproj", "{8D2CDBDD-DCC6-45BC-B24D-CC695F741520}"
EndProject
Project("{FAE04EC0-301F-11D3-BF4B-00C04F79EFBC}") = "MajorUpgrade1", "WixSharp.Samples\VSProjects\MajorUpgrade1.csproj", "{8F905A17-39E0-4F87-955A-98317C73CE2B}"
EndProject
Project("{FAE04EC0-301F-11D3-BF4B-00C04F79EFBC}") = "MajorUpgrade2", "WixSharp.Samples\VSProjects\MajorUpgrade2.csproj", "{5153DD18-56C1-4154-B36A-9CE424317876}"
EndProject
Project("{2150E333-8FDC-42A3-9474-1A3956D46DE8}") = "Samples", "Samples", "{7C72BE61-BCD7-4AE8-B89D-CDB8F7E55F90}"
EndProject
Project("{FAE04EC0-301F-11D3-BF4B-00C04F79EFBC}") = "PropertyRef", "WixSharp.Samples\VSProjects\PropertyRef.csproj", "{2F11B72C-38E7-4A7C-BABD-3AF6016F75FE}"
EndProject
Global
	GlobalSection(SolutionConfigurationPlatforms) = preSolution
		Debug|Any CPU = Debug|Any CPU
		Release|Any CPU = Release|Any CPU
	EndGlobalSection
	GlobalSection(ProjectConfigurationPlatforms) = postSolution
		{8860B29B-749F-4925-86C8-F9C4B93C9DA5}.Debug|Any CPU.ActiveCfg = Debug|Any CPU
		{8860B29B-749F-4925-86C8-F9C4B93C9DA5}.Debug|Any CPU.Build.0 = Debug|Any CPU
		{8860B29B-749F-4925-86C8-F9C4B93C9DA5}.Release|Any CPU.ActiveCfg = Release|Any CPU
		{8860B29B-749F-4925-86C8-F9C4B93C9DA5}.Release|Any CPU.Build.0 = Release|Any CPU
		{DF43378F-5F96-4C22-B1B6-1A64E645D72C}.Debug|Any CPU.ActiveCfg = Debug|Any CPU
		{DF43378F-5F96-4C22-B1B6-1A64E645D72C}.Debug|Any CPU.Build.0 = Debug|Any CPU
		{DF43378F-5F96-4C22-B1B6-1A64E645D72C}.Release|Any CPU.ActiveCfg = Release|Any CPU
		{0F43378F-5F96-4C22-B1B6-1A64E645D72C}.Debug|Any CPU.ActiveCfg = Debug|Any CPU
		{0F43378F-5F96-4C22-B1B6-1A64E645D72C}.Debug|Any CPU.Build.0 = Debug|Any CPU
		{0F43378F-5F96-4C22-B1B6-1A64E645D72C}.Release|Any CPU.ActiveCfg = Release|Any CPU
		{FE70A21D-0289-4CF9-BFD5-DBF15A561690}.Debug|Any CPU.ActiveCfg = Debug|Any CPU
		{FE70A21D-0289-4CF9-BFD5-DBF15A561690}.Debug|Any CPU.Build.0 = Debug|Any CPU
		{FE70A21D-0289-4CF9-BFD5-DBF15A561690}.Release|Any CPU.ActiveCfg = Release|Any CPU
		{5DD46DE9-D40C-43F7-973B-C8F3BBFD0603}.Debug|Any CPU.ActiveCfg = Debug|Any CPU
		{5DD46DE9-D40C-43F7-973B-C8F3BBFD0603}.Debug|Any CPU.Build.0 = Debug|Any CPU
		{5DD46DE9-D40C-43F7-973B-C8F3BBFD0603}.Release|Any CPU.ActiveCfg = Release|Any CPU
		{CE7A8B8F-6C6E-4B1D-9869-44FC2B750FA1}.Debug|Any CPU.ActiveCfg = Debug|Any CPU
		{CE7A8B8F-6C6E-4B1D-9869-44FC2B750FA1}.Debug|Any CPU.Build.0 = Debug|Any CPU
		{CE7A8B8F-6C6E-4B1D-9869-44FC2B750FA1}.Release|Any CPU.ActiveCfg = Release|Any CPU
		{5334F852-7F7D-4210-A0E4-159BBD00669E}.Debug|Any CPU.ActiveCfg = Debug|Any CPU
		{5334F852-7F7D-4210-A0E4-159BBD00669E}.Debug|Any CPU.Build.0 = Debug|Any CPU
		{5334F852-7F7D-4210-A0E4-159BBD00669E}.Release|Any CPU.ActiveCfg = Release|Any CPU
		{A68C886D-D99A-4922-8552-0A5B304DF0F5}.Debug|Any CPU.ActiveCfg = Debug|Any CPU
		{A68C886D-D99A-4922-8552-0A5B304DF0F5}.Debug|Any CPU.Build.0 = Debug|Any CPU
		{A68C886D-D99A-4922-8552-0A5B304DF0F5}.Release|Any CPU.ActiveCfg = Release|Any CPU
		{AF69558D-1E34-4E7F-9B4C-D08497DDC191}.Debug|Any CPU.ActiveCfg = Debug|Any CPU
		{AF69558D-1E34-4E7F-9B4C-D08497DDC191}.Debug|Any CPU.Build.0 = Debug|Any CPU
		{AF69558D-1E34-4E7F-9B4C-D08497DDC191}.Release|Any CPU.ActiveCfg = Release|Any CPU
		{D02DEAC6-DC4B-43F8-BFDE-A29EFB4446B9}.Debug|Any CPU.ActiveCfg = Debug|Any CPU
		{D02DEAC6-DC4B-43F8-BFDE-A29EFB4446B9}.Debug|Any CPU.Build.0 = Debug|Any CPU
		{D02DEAC6-DC4B-43F8-BFDE-A29EFB4446B9}.Release|Any CPU.ActiveCfg = Release|Any CPU
		{199BDD7F-7F8F-440F-AB5F-EBBB29BCE972}.Debug|Any CPU.ActiveCfg = Debug|Any CPU
		{199BDD7F-7F8F-440F-AB5F-EBBB29BCE972}.Debug|Any CPU.Build.0 = Debug|Any CPU
		{199BDD7F-7F8F-440F-AB5F-EBBB29BCE972}.Release|Any CPU.ActiveCfg = Release|Any CPU
		{7F4BA497-018D-4FBB-B5DE-4AA896397382}.Debug|Any CPU.ActiveCfg = Debug|Any CPU
		{7F4BA497-018D-4FBB-B5DE-4AA896397382}.Debug|Any CPU.Build.0 = Debug|Any CPU
		{7F4BA497-018D-4FBB-B5DE-4AA896397382}.Release|Any CPU.ActiveCfg = Release|Any CPU
		{4A549488-FFE7-4E18-B2F4-837CE0E09CE4}.Debug|Any CPU.ActiveCfg = Debug|Any CPU
		{4A549488-FFE7-4E18-B2F4-837CE0E09CE4}.Debug|Any CPU.Build.0 = Debug|Any CPU
		{4A549488-FFE7-4E18-B2F4-837CE0E09CE4}.Release|Any CPU.ActiveCfg = Release|Any CPU
		{43A08B21-4E0A-4AB5-9DC0-AD6C5E3EFC25}.Debug|Any CPU.ActiveCfg = Debug|Any CPU
		{43A08B21-4E0A-4AB5-9DC0-AD6C5E3EFC25}.Debug|Any CPU.Build.0 = Debug|Any CPU
		{43A08B21-4E0A-4AB5-9DC0-AD6C5E3EFC25}.Release|Any CPU.ActiveCfg = Release|Any CPU
		{8E822D99-D1B5-45F0-BFBC-7A8067194B07}.Debug|Any CPU.ActiveCfg = Debug|Any CPU
		{8E822D99-D1B5-45F0-BFBC-7A8067194B07}.Debug|Any CPU.Build.0 = Debug|Any CPU
		{8E822D99-D1B5-45F0-BFBC-7A8067194B07}.Release|Any CPU.ActiveCfg = Release|Any CPU
		{AA7C07A9-C3FF-48D8-8A08-21AADA24D97E}.Debug|Any CPU.ActiveCfg = Debug|Any CPU
		{AA7C07A9-C3FF-48D8-8A08-21AADA24D97E}.Debug|Any CPU.Build.0 = Debug|Any CPU
		{AA7C07A9-C3FF-48D8-8A08-21AADA24D97E}.Release|Any CPU.ActiveCfg = Release|Any CPU
		{A52CEA2F-E484-4993-B48E-C8ED104D6E1B}.Debug|Any CPU.ActiveCfg = Debug|Any CPU
		{A52CEA2F-E484-4993-B48E-C8ED104D6E1B}.Debug|Any CPU.Build.0 = Debug|Any CPU
		{A52CEA2F-E484-4993-B48E-C8ED104D6E1B}.Release|Any CPU.ActiveCfg = Release|Any CPU
		{6EF89B33-A766-457E-8229-C87CCEC145A6}.Debug|Any CPU.ActiveCfg = Debug|Any CPU
		{6EF89B33-A766-457E-8229-C87CCEC145A6}.Debug|Any CPU.Build.0 = Debug|Any CPU
		{6EF89B33-A766-457E-8229-C87CCEC145A6}.Release|Any CPU.ActiveCfg = Release|Any CPU
		{D0F81A0B-4FC5-4191-8CC7-00F225F82B1A}.Debug|Any CPU.ActiveCfg = Debug|Any CPU
		{D0F81A0B-4FC5-4191-8CC7-00F225F82B1A}.Debug|Any CPU.Build.0 = Debug|Any CPU
		{D0F81A0B-4FC5-4191-8CC7-00F225F82B1A}.Release|Any CPU.ActiveCfg = Release|Any CPU
		{9F74117F-ECF7-4B78-BCEE-978E99B3CFD0}.Debug|Any CPU.ActiveCfg = Debug|Any CPU
		{9F74117F-ECF7-4B78-BCEE-978E99B3CFD0}.Debug|Any CPU.Build.0 = Debug|Any CPU
		{9F74117F-ECF7-4B78-BCEE-978E99B3CFD0}.Release|Any CPU.ActiveCfg = Release|Any CPU
		{0F17E012-4F48-4B74-82DB-EAB6E90B232E}.Debug|Any CPU.ActiveCfg = Debug|Any CPU
		{0F17E012-4F48-4B74-82DB-EAB6E90B232E}.Debug|Any CPU.Build.0 = Debug|Any CPU
		{0F17E012-4F48-4B74-82DB-EAB6E90B232E}.Release|Any CPU.ActiveCfg = Release|Any CPU
		{EB60C820-5A98-427A-93E1-E7C81D2F8B95}.Debug|Any CPU.ActiveCfg = Debug|Any CPU
		{EB60C820-5A98-427A-93E1-E7C81D2F8B95}.Debug|Any CPU.Build.0 = Debug|Any CPU
		{EB60C820-5A98-427A-93E1-E7C81D2F8B95}.Release|Any CPU.ActiveCfg = Release|Any CPU
		{025077E9-6215-4A65-AF86-FF7C43FD9A0E}.Debug|Any CPU.ActiveCfg = Debug|Any CPU
		{025077E9-6215-4A65-AF86-FF7C43FD9A0E}.Debug|Any CPU.Build.0 = Debug|Any CPU
		{025077E9-6215-4A65-AF86-FF7C43FD9A0E}.Release|Any CPU.ActiveCfg = Release|Any CPU
		{268E1A6A-C39C-4340-BAE3-71532D926E9A}.Debug|Any CPU.ActiveCfg = Debug|Any CPU
		{268E1A6A-C39C-4340-BAE3-71532D926E9A}.Debug|Any CPU.Build.0 = Debug|Any CPU
		{268E1A6A-C39C-4340-BAE3-71532D926E9A}.Release|Any CPU.ActiveCfg = Release|Any CPU
		{38A65FF4-14AC-4550-9026-007695E5334B}.Debug|Any CPU.ActiveCfg = Debug|Any CPU
		{38A65FF4-14AC-4550-9026-007695E5334B}.Debug|Any CPU.Build.0 = Debug|Any CPU
		{38A65FF4-14AC-4550-9026-007695E5334B}.Release|Any CPU.ActiveCfg = Release|Any CPU
		{BC7FB1A2-43A2-4011-B41A-8655D5B81CD3}.Debug|Any CPU.ActiveCfg = Debug|Any CPU
		{BC7FB1A2-43A2-4011-B41A-8655D5B81CD3}.Debug|Any CPU.Build.0 = Debug|Any CPU
		{BC7FB1A2-43A2-4011-B41A-8655D5B81CD3}.Release|Any CPU.ActiveCfg = Release|Any CPU
		{186BFEC8-2CDE-49E7-93B1-C297622A931A}.Debug|Any CPU.ActiveCfg = Debug|Any CPU
		{186BFEC8-2CDE-49E7-93B1-C297622A931A}.Debug|Any CPU.Build.0 = Debug|Any CPU
		{186BFEC8-2CDE-49E7-93B1-C297622A931A}.Release|Any CPU.ActiveCfg = Release|Any CPU
		{23CFCE11-4C8F-4A2D-BB5C-4EC08BF231AE}.Debug|Any CPU.ActiveCfg = Debug|Any CPU
		{23CFCE11-4C8F-4A2D-BB5C-4EC08BF231AE}.Debug|Any CPU.Build.0 = Debug|Any CPU
		{23CFCE11-4C8F-4A2D-BB5C-4EC08BF231AE}.Release|Any CPU.ActiveCfg = Release|Any CPU
		{06DB0C6D-EF09-4F33-BA73-C2DE7F1875C2}.Debug|Any CPU.ActiveCfg = Debug|Any CPU
		{06DB0C6D-EF09-4F33-BA73-C2DE7F1875C2}.Debug|Any CPU.Build.0 = Debug|Any CPU
		{06DB0C6D-EF09-4F33-BA73-C2DE7F1875C2}.Release|Any CPU.ActiveCfg = Release|Any CPU
		{30052EB8-5B6E-41ED-B621-19D34C413BAB}.Debug|Any CPU.ActiveCfg = Debug|Any CPU
		{30052EB8-5B6E-41ED-B621-19D34C413BAB}.Debug|Any CPU.Build.0 = Debug|Any CPU
		{30052EB8-5B6E-41ED-B621-19D34C413BAB}.Release|Any CPU.ActiveCfg = Release|Any CPU
		{72E3FB9E-DE45-4631-A2DF-CB91E49B3E0D}.Debug|Any CPU.ActiveCfg = Debug|Any CPU
		{72E3FB9E-DE45-4631-A2DF-CB91E49B3E0D}.Debug|Any CPU.Build.0 = Debug|Any CPU
		{72E3FB9E-DE45-4631-A2DF-CB91E49B3E0D}.Release|Any CPU.ActiveCfg = Release|Any CPU
		{3E1EF5A8-7CD6-45BC-91B1-46B7A2FA213C}.Debug|Any CPU.ActiveCfg = Debug|Any CPU
		{3E1EF5A8-7CD6-45BC-91B1-46B7A2FA213C}.Debug|Any CPU.Build.0 = Debug|Any CPU
		{3E1EF5A8-7CD6-45BC-91B1-46B7A2FA213C}.Release|Any CPU.ActiveCfg = Release|Any CPU
		{F3E3226B-1032-489C-BCFE-FB89D775EEB7}.Debug|Any CPU.ActiveCfg = Debug|Any CPU
		{F3E3226B-1032-489C-BCFE-FB89D775EEB7}.Debug|Any CPU.Build.0 = Debug|Any CPU
		{F3E3226B-1032-489C-BCFE-FB89D775EEB7}.Release|Any CPU.ActiveCfg = Release|Any CPU
		{ABD9C135-D4FD-4452-85CC-251B7D0392C1}.Debug|Any CPU.ActiveCfg = Debug|Any CPU
		{ABD9C135-D4FD-4452-85CC-251B7D0392C1}.Debug|Any CPU.Build.0 = Debug|Any CPU
		{ABD9C135-D4FD-4452-85CC-251B7D0392C1}.Release|Any CPU.ActiveCfg = Release|Any CPU
		{577CB2C6-0ED2-4298-9A3B-25BD8C6380C0}.Debug|Any CPU.ActiveCfg = Debug|Any CPU
		{577CB2C6-0ED2-4298-9A3B-25BD8C6380C0}.Debug|Any CPU.Build.0 = Debug|Any CPU
		{577CB2C6-0ED2-4298-9A3B-25BD8C6380C0}.Release|Any CPU.ActiveCfg = Release|Any CPU
		{883F187B-449D-4E6C-B2C4-B89E6AF5DB9F}.Debug|Any CPU.ActiveCfg = Debug|Any CPU
		{883F187B-449D-4E6C-B2C4-B89E6AF5DB9F}.Debug|Any CPU.Build.0 = Debug|Any CPU
		{883F187B-449D-4E6C-B2C4-B89E6AF5DB9F}.Release|Any CPU.ActiveCfg = Release|Any CPU
		{8D2CDBDD-DCC6-45BC-B24D-CC695F741520}.Debug|Any CPU.ActiveCfg = Debug|Any CPU
		{8D2CDBDD-DCC6-45BC-B24D-CC695F741520}.Debug|Any CPU.Build.0 = Debug|Any CPU
		{8D2CDBDD-DCC6-45BC-B24D-CC695F741520}.Release|Any CPU.ActiveCfg = Release|Any CPU
		{8F905A17-39E0-4F87-955A-98317C73CE2B}.Debug|Any CPU.ActiveCfg = Debug|Any CPU
		{8F905A17-39E0-4F87-955A-98317C73CE2B}.Debug|Any CPU.Build.0 = Debug|Any CPU
		{8F905A17-39E0-4F87-955A-98317C73CE2B}.Release|Any CPU.ActiveCfg = Release|Any CPU
		{5153DD18-56C1-4154-B36A-9CE424317876}.Debug|Any CPU.ActiveCfg = Debug|Any CPU
		{5153DD18-56C1-4154-B36A-9CE424317876}.Debug|Any CPU.Build.0 = Debug|Any CPU
		{5153DD18-56C1-4154-B36A-9CE424317876}.Release|Any CPU.ActiveCfg = Release|Any CPU
		{2F11B72C-38E7-4A7C-BABD-3AF6016F75FE}.Debug|Any CPU.ActiveCfg = Debug|Any CPU
		{2F11B72C-38E7-4A7C-BABD-3AF6016F75FE}.Debug|Any CPU.Build.0 = Debug|Any CPU
		{2F11B72C-38E7-4A7C-BABD-3AF6016F75FE}.Release|Any CPU.ActiveCfg = Release|Any CPU
		{2F11B72C-38E7-4A7C-BABD-3AF6016F75FE}.Release|Any CPU.Build.0 = Release|Any CPU
	EndGlobalSection
	GlobalSection(SolutionProperties) = preSolution
		HideSolutionNode = FALSE
	EndGlobalSection
	GlobalSection(NestedProjects) = preSolution
		{DF43378F-5F96-4C22-B1B6-1A64E645D72C} = {7C72BE61-BCD7-4AE8-B89D-CDB8F7E55F90}
		{0F43378F-5F96-4C22-B1B6-1A64E645D72C} = {7C72BE61-BCD7-4AE8-B89D-CDB8F7E55F90}
		{FE70A21D-0289-4CF9-BFD5-DBF15A561690} = {7C72BE61-BCD7-4AE8-B89D-CDB8F7E55F90}
		{5DD46DE9-D40C-43F7-973B-C8F3BBFD0603} = {7C72BE61-BCD7-4AE8-B89D-CDB8F7E55F90}
		{CE7A8B8F-6C6E-4B1D-9869-44FC2B750FA1} = {7C72BE61-BCD7-4AE8-B89D-CDB8F7E55F90}
		{5334F852-7F7D-4210-A0E4-159BBD00669E} = {7C72BE61-BCD7-4AE8-B89D-CDB8F7E55F90}
		{A68C886D-D99A-4922-8552-0A5B304DF0F5} = {7C72BE61-BCD7-4AE8-B89D-CDB8F7E55F90}
		{AF69558D-1E34-4E7F-9B4C-D08497DDC191} = {7C72BE61-BCD7-4AE8-B89D-CDB8F7E55F90}
		{D02DEAC6-DC4B-43F8-BFDE-A29EFB4446B9} = {7C72BE61-BCD7-4AE8-B89D-CDB8F7E55F90}
		{199BDD7F-7F8F-440F-AB5F-EBBB29BCE972} = {7C72BE61-BCD7-4AE8-B89D-CDB8F7E55F90}
		{7F4BA497-018D-4FBB-B5DE-4AA896397382} = {7C72BE61-BCD7-4AE8-B89D-CDB8F7E55F90}
		{4A549488-FFE7-4E18-B2F4-837CE0E09CE4} = {7C72BE61-BCD7-4AE8-B89D-CDB8F7E55F90}
		{43A08B21-4E0A-4AB5-9DC0-AD6C5E3EFC25} = {7C72BE61-BCD7-4AE8-B89D-CDB8F7E55F90}
		{8E822D99-D1B5-45F0-BFBC-7A8067194B07} = {7C72BE61-BCD7-4AE8-B89D-CDB8F7E55F90}
		{AA7C07A9-C3FF-48D8-8A08-21AADA24D97E} = {7C72BE61-BCD7-4AE8-B89D-CDB8F7E55F90}
		{A52CEA2F-E484-4993-B48E-C8ED104D6E1B} = {7C72BE61-BCD7-4AE8-B89D-CDB8F7E55F90}
		{6EF89B33-A766-457E-8229-C87CCEC145A6} = {7C72BE61-BCD7-4AE8-B89D-CDB8F7E55F90}
		{D0F81A0B-4FC5-4191-8CC7-00F225F82B1A} = {7C72BE61-BCD7-4AE8-B89D-CDB8F7E55F90}
		{9F74117F-ECF7-4B78-BCEE-978E99B3CFD0} = {7C72BE61-BCD7-4AE8-B89D-CDB8F7E55F90}
		{0F17E012-4F48-4B74-82DB-EAB6E90B232E} = {7C72BE61-BCD7-4AE8-B89D-CDB8F7E55F90}
		{EB60C820-5A98-427A-93E1-E7C81D2F8B95} = {7C72BE61-BCD7-4AE8-B89D-CDB8F7E55F90}
		{025077E9-6215-4A65-AF86-FF7C43FD9A0E} = {7C72BE61-BCD7-4AE8-B89D-CDB8F7E55F90}
		{268E1A6A-C39C-4340-BAE3-71532D926E9A} = {7C72BE61-BCD7-4AE8-B89D-CDB8F7E55F90}
		{38A65FF4-14AC-4550-9026-007695E5334B} = {7C72BE61-BCD7-4AE8-B89D-CDB8F7E55F90}
		{BC7FB1A2-43A2-4011-B41A-8655D5B81CD3} = {7C72BE61-BCD7-4AE8-B89D-CDB8F7E55F90}
		{186BFEC8-2CDE-49E7-93B1-C297622A931A} = {7C72BE61-BCD7-4AE8-B89D-CDB8F7E55F90}
		{23CFCE11-4C8F-4A2D-BB5C-4EC08BF231AE} = {7C72BE61-BCD7-4AE8-B89D-CDB8F7E55F90}
		{06DB0C6D-EF09-4F33-BA73-C2DE7F1875C2} = {7C72BE61-BCD7-4AE8-B89D-CDB8F7E55F90}
		{30052EB8-5B6E-41ED-B621-19D34C413BAB} = {7C72BE61-BCD7-4AE8-B89D-CDB8F7E55F90}
		{72E3FB9E-DE45-4631-A2DF-CB91E49B3E0D} = {7C72BE61-BCD7-4AE8-B89D-CDB8F7E55F90}
		{3E1EF5A8-7CD6-45BC-91B1-46B7A2FA213C} = {7C72BE61-BCD7-4AE8-B89D-CDB8F7E55F90}
		{F3E3226B-1032-489C-BCFE-FB89D775EEB7} = {7C72BE61-BCD7-4AE8-B89D-CDB8F7E55F90}
		{ABD9C135-D4FD-4452-85CC-251B7D0392C1} = {7C72BE61-BCD7-4AE8-B89D-CDB8F7E55F90}
		{577CB2C6-0ED2-4298-9A3B-25BD8C6380C0} = {7C72BE61-BCD7-4AE8-B89D-CDB8F7E55F90}
		{883F187B-449D-4E6C-B2C4-B89E6AF5DB9F} = {7C72BE61-BCD7-4AE8-B89D-CDB8F7E55F90}
		{8D2CDBDD-DCC6-45BC-B24D-CC695F741520} = {7C72BE61-BCD7-4AE8-B89D-CDB8F7E55F90}
		{8F905A17-39E0-4F87-955A-98317C73CE2B} = {7C72BE61-BCD7-4AE8-B89D-CDB8F7E55F90}
		{5153DD18-56C1-4154-B36A-9CE424317876} = {7C72BE61-BCD7-4AE8-B89D-CDB8F7E55F90}
		{2F11B72C-38E7-4A7C-BABD-3AF6016F75FE} = {7C72BE61-BCD7-4AE8-B89D-CDB8F7E55F90}
	EndGlobalSection
	GlobalSection(SharpSetup) = preSolution
		Version = 1.2
	EndGlobalSection
EndGlobal
